// !$*UTF8*$!
{
	archiveVersion = 1;
	classes = {
	};
	objectVersion = 50;
	objects = {

/* Begin PBXBuildFile section */
		DB082A5F235A728E00AB1BA8 /* AppDelegate.swift in Sources */ = {isa = PBXBuildFile; fileRef = DB082A5E235A728E00AB1BA8 /* AppDelegate.swift */; };
		DB082A61235A728E00AB1BA8 /* SceneDelegate.swift in Sources */ = {isa = PBXBuildFile; fileRef = DB082A60235A728E00AB1BA8 /* SceneDelegate.swift */; };
		DB082A63235A728E00AB1BA8 /* ContentView.swift in Sources */ = {isa = PBXBuildFile; fileRef = DB082A62235A728E00AB1BA8 /* ContentView.swift */; };
		DB082A65235A729400AB1BA8 /* Assets.xcassets in Resources */ = {isa = PBXBuildFile; fileRef = DB082A64235A729400AB1BA8 /* Assets.xcassets */; };
		DB082A68235A729400AB1BA8 /* Preview Assets.xcassets in Resources */ = {isa = PBXBuildFile; fileRef = DB082A67235A729400AB1BA8 /* Preview Assets.xcassets */; };
		DB082A6B235A729400AB1BA8 /* LaunchScreen.storyboard in Resources */ = {isa = PBXBuildFile; fileRef = DB082A69235A729400AB1BA8 /* LaunchScreen.storyboard */; };
		DB6D3ABD235BD9450082FA54 /* SleepCalculator.mlmodel in Sources */ = {isa = PBXBuildFile; fileRef = DB6D3ABC235BD9450082FA54 /* SleepCalculator.mlmodel */; };
		DB6D3ABF235C1A1E0082FA54 /* backupCode.swift in Sources */ = {isa = PBXBuildFile; fileRef = DB6D3ABE235C1A1E0082FA54 /* backupCode.swift */; };
/* End PBXBuildFile section */

/* Begin PBXFileReference section */
		DB082A5B235A728E00AB1BA8 /* HWSBetterRest.app */ = {isa = PBXFileReference; explicitFileType = wrapper.application; includeInIndex = 0; path = HWSBetterRest.app; sourceTree = BUILT_PRODUCTS_DIR; };
		DB082A5E235A728E00AB1BA8 /* AppDelegate.swift */ = {isa = PBXFileReference; lastKnownFileType = sourcecode.swift; path = AppDelegate.swift; sourceTree = "<group>"; };
		DB082A60235A728E00AB1BA8 /* SceneDelegate.swift */ = {isa = PBXFileReference; lastKnownFileType = sourcecode.swift; path = SceneDelegate.swift; sourceTree = "<group>"; };
		DB082A62235A728E00AB1BA8 /* ContentView.swift */ = {isa = PBXFileReference; lastKnownFileType = sourcecode.swift; path = ContentView.swift; sourceTree = "<group>"; };
		DB082A64235A729400AB1BA8 /* Assets.xcassets */ = {isa = PBXFileReference; lastKnownFileType = folder.assetcatalog; path = Assets.xcassets; sourceTree = "<group>"; };
		DB082A67235A729400AB1BA8 /* Preview Assets.xcassets */ = {isa = PBXFileReference; lastKnownFileType = folder.assetcatalog; path = "Preview Assets.xcassets"; sourceTree = "<group>"; };
		DB082A6A235A729400AB1BA8 /* Base */ = {isa = PBXFileReference; lastKnownFileType = file.storyboard; name = Base; path = Base.lproj/LaunchScreen.storyboard; sourceTree = "<group>"; };
		DB082A6C235A729400AB1BA8 /* Info.plist */ = {isa = PBXFileReference; lastKnownFileType = text.plist.xml; path = Info.plist; sourceTree = "<group>"; };
		DB6D3ABC235BD9450082FA54 /* SleepCalculator.mlmodel */ = {isa = PBXFileReference; lastKnownFileType = file.mlmodel; path = SleepCalculator.mlmodel; sourceTree = "<group>"; };
		DB6D3ABE235C1A1E0082FA54 /* backupCode.swift */ = {isa = PBXFileReference; lastKnownFileType = sourcecode.swift; path = backupCode.swift; sourceTree = "<group>"; };
/* End PBXFileReference section */

/* Begin PBXFrameworksBuildPhase section */
		DB082A58235A728E00AB1BA8 /* Frameworks */ = {
			isa = PBXFrameworksBuildPhase;
			buildActionMask = 2147483647;
			files = (
			);
			runOnlyForDeploymentPostprocessing = 0;
		};
/* End PBXFrameworksBuildPhase section */

/* Begin PBXGroup section */
		DB082A52235A728E00AB1BA8 = {
			isa = PBXGroup;
			children = (
				DB082A5D235A728E00AB1BA8 /* HWSBetterRest */,
				DB082A5C235A728E00AB1BA8 /* Products */,
			);
			sourceTree = "<group>";
		};
		DB082A5C235A728E00AB1BA8 /* Products */ = {
			isa = PBXGroup;
			children = (
				DB082A5B235A728E00AB1BA8 /* HWSBetterRest.app */,
			);
			name = Products;
			sourceTree = "<group>";
		};
		DB082A5D235A728E00AB1BA8 /* HWSBetterRest */ = {
			isa = PBXGroup;
			children = (
				DB082A5E235A728E00AB1BA8 /* AppDelegate.swift */,
				DB082A60235A728E00AB1BA8 /* SceneDelegate.swift */,
				DB082A62235A728E00AB1BA8 /* ContentView.swift */,
				DB6D3ABE235C1A1E0082FA54 /* backupCode.swift */,
				DB082A64235A729400AB1BA8 /* Assets.xcassets */,
				DB082A69235A729400AB1BA8 /* LaunchScreen.storyboard */,
				DB082A6C235A729400AB1BA8 /* Info.plist */,
				DB6D3ABC235BD9450082FA54 /* SleepCalculator.mlmodel */,
				DB082A66235A729400AB1BA8 /* Preview Content */,
			);
			path = HWSBetterRest;
			sourceTree = "<group>";
		};
		DB082A66235A729400AB1BA8 /* Preview Content */ = {
			isa = PBXGroup;
			children = (
				DB082A67235A729400AB1BA8 /* Preview Assets.xcassets */,
			);
			path = "Preview Content";
			sourceTree = "<group>";
		};
/* End PBXGroup section */

/* Begin PBXNativeTarget section */
		DB082A5A235A728E00AB1BA8 /* HWSBetterRest */ = {
			isa = PBXNativeTarget;
			buildConfigurationList = DB082A6F235A729400AB1BA8 /* Build configuration list for PBXNativeTarget "HWSBetterRest" */;
			buildPhases = (
				DB082A57235A728E00AB1BA8 /* Sources */,
				DB082A58235A728E00AB1BA8 /* Frameworks */,
				DB082A59235A728E00AB1BA8 /* Resources */,
			);
			buildRules = (
			);
			dependencies = (
			);
			name = HWSBetterRest;
			productName = HWSBetterRest;
			productReference = DB082A5B235A728E00AB1BA8 /* HWSBetterRest.app */;
			productType = "com.apple.product-type.application";
		};
/* End PBXNativeTarget section */

/* Begin PBXProject section */
		DB082A53235A728E00AB1BA8 /* Project object */ = {
			isa = PBXProject;
			attributes = {
				LastSwiftUpdateCheck = 1110;
				LastUpgradeCheck = 1110;
				ORGANIZATIONNAME = "Steven Robertson";
				TargetAttributes = {
					DB082A5A235A728E00AB1BA8 = {
						CreatedOnToolsVersion = 11.1;
					};
				};
			};
			buildConfigurationList = DB082A56235A728E00AB1BA8 /* Build configuration list for PBXProject "HWSBetterRest" */;
			compatibilityVersion = "Xcode 9.3";
			developmentRegion = en;
			hasScannedForEncodings = 0;
			knownRegions = (
				en,
				Base,
			);
			mainGroup = DB082A52235A728E00AB1BA8;
			productRefGroup = DB082A5C235A728E00AB1BA8 /* Products */;
			projectDirPath = "";
			projectRoot = "";
			targets = (
				DB082A5A235A728E00AB1BA8 /* HWSBetterRest */,
			);
		};
/* End PBXProject section */

/* Begin PBXResourcesBuildPhase section */
		DB082A59235A728E00AB1BA8 /* Resources */ = {
			isa = PBXResourcesBuildPhase;
			buildActionMask = 2147483647;
			files = (
				DB082A6B235A729400AB1BA8 /* LaunchScreen.storyboard in Resources */,
				DB082A68235A729400AB1BA8 /* Preview Assets.xcassets in Resources */,
				DB082A65235A729400AB1BA8 /* Assets.xcassets in Resources */,
			);
			runOnlyForDeploymentPostprocessing = 0;
		};
/* End PBXResourcesBuildPhase section */

/* Begin PBXSourcesBuildPhase section */
		DB082A57235A728E00AB1BA8 /* Sources */ = {
			isa = PBXSourcesBuildPhase;
			buildActionMask = 2147483647;
			files = (
				DB082A5F235A728E00AB1BA8 /* AppDelegate.swift in Sources */,
				DB6D3ABF235C1A1E0082FA54 /* backupCode.swift in Sources */,
				DB082A61235A728E00AB1BA8 /* SceneDelegate.swift in Sources */,
				DB6D3ABD235BD9450082FA54 /* SleepCalculator.mlmodel in Sources */,
				DB082A63235A728E00AB1BA8 /* ContentView.swift in Sources */,
			);
			runOnlyForDeploymentPostprocessing = 0;
		};
/* End PBXSourcesBuildPhase section */

/* Begin PBXVariantGroup section */
		DB082A69235A729400AB1BA8 /* LaunchScreen.storyboard */ = {
			isa = PBXVariantGroup;
			children = (
				DB082A6A235A729400AB1BA8 /* Base */,
			);
			name = LaunchScreen.storyboard;
			sourceTree = "<group>";
		};
/* End PBXVariantGroup section */

/* Begin XCBuildConfiguration section */
		DB082A6D235A729400AB1BA8 /* Debug */ = {
			isa = XCBuildConfiguration;
			buildSettings = {
				ALWAYS_SEARCH_USER_PATHS = NO;
				CLANG_ANALYZER_NONNULL = YES;
				CLANG_ANALYZER_NUMBER_OBJECT_CONVERSION = YES_AGGRESSIVE;
				CLANG_CXX_LANGUAGE_STANDARD = "gnu++14";
				CLANG_CXX_LIBRARY = "libc++";
				CLANG_ENABLE_MODULES = YES;
				CLANG_ENABLE_OBJC_ARC = YES;
				CLANG_ENABLE_OBJC_WEAK = YES;
				CLANG_WARN_BLOCK_CAPTURE_AUTORELEASING = YES;
				CLANG_WARN_BOOL_CONVERSION = YES;
				CLANG_WARN_COMMA = YES;
				CLANG_WARN_CONSTANT_CONVERSION = YES;
				CLANG_WARN_DEPRECATED_OBJC_IMPLEMENTATIONS = YES;
				CLANG_WARN_DIRECT_OBJC_ISA_USAGE = YES_ERROR;
				CLANG_WARN_DOCUMENTATION_COMMENTS = YES;
				CLANG_WARN_EMPTY_BODY = YES;
				CLANG_WARN_ENUM_CONVERSION = YES;
				CLANG_WARN_INFINITE_RECURSION = YES;
				CLANG_WARN_INT_CONVERSION = YES;
				CLANG_WARN_NON_LITERAL_NULL_CONVERSION = YES;
				CLANG_WARN_OBJC_IMPLICIT_RETAIN_SELF = YES;
				CLANG_WARN_OBJC_LITERAL_CONVERSION = YES;
				CLANG_WARN_OBJC_ROOT_CLASS = YES_ERROR;
				CLANG_WARN_RANGE_LOOP_ANALYSIS = YES;
				CLANG_WARN_STRICT_PROTOTYPES = YES;
				CLANG_WARN_SUSPICIOUS_MOVE = YES;
				CLANG_WARN_UNGUARDED_AVAILABILITY = YES_AGGRESSIVE;
				CLANG_WARN_UNREACHABLE_CODE = YES;
				CLANG_WARN__DUPLICATE_METHOD_MATCH = YES;
				COPY_PHASE_STRIP = NO;
				DEBUG_INFORMATION_FORMAT = dwarf;
				ENABLE_STRICT_OBJC_MSGSEND = YES;
				ENABLE_TESTABILITY = YES;
				GCC_C_LANGUAGE_STANDARD = gnu11;
				GCC_DYNAMIC_NO_PIC = NO;
				GCC_NO_COMMON_BLOCKS = YES;
				GCC_OPTIMIZATION_LEVEL = 0;
				GCC_PREPROCESSOR_DEFINITIONS = (
					"DEBUG=1",
					"$(inherited)",
				);
				GCC_WARN_64_TO_32_BIT_CONVERSION = YES;
				GCC_WARN_ABOUT_RETURN_TYPE = YES_ERROR;
				GCC_WARN_UNDECLARED_SELECTOR = YES;
				GCC_WARN_UNINITIALIZED_AUTOS = YES_AGGRESSIVE;
				GCC_WARN_UNUSED_FUNCTION = YES;
				GCC_WARN_UNUSED_VARIABLE = YES;
				IPHONEOS_DEPLOYMENT_TARGET = 13.1;
				MTL_ENABLE_DEBUG_INFO = INCLUDE_SOURCE;
				MTL_FAST_MATH = YES;
				ONLY_ACTIVE_ARCH = YES;
				SDKROOT = iphoneos;
				SWIFT_ACTIVE_COMPILATION_CONDITIONS = DEBUG;
				SWIFT_OPTIMIZATION_LEVEL = "-Onone";
			};
			name = Debug;
		};
		DB082A6E235A729400AB1BA8 /* Release */ = {
			isa = XCBuildConfiguration;
			buildSettings = {
				ALWAYS_SEARCH_USER_PATHS = NO;
				CLANG_ANALYZER_NONNULL = YES;
				CLANG_ANALYZER_NUMBER_OBJECT_CONVERSION = YES_AGGRESSIVE;
				CLANG_CXX_LANGUAGE_STANDARD = "gnu++14";
				CLANG_CXX_LIBRARY = "libc++";
				CLANG_ENABLE_MODULES = YES;
				CLANG_ENABLE_OBJC_ARC = YES;
				CLANG_ENABLE_OBJC_WEAK = YES;
				CLANG_WARN_BLOCK_CAPTURE_AUTORELEASING = YES;
				CLANG_WARN_BOOL_CONVERSION = YES;
				CLANG_WARN_COMMA = YES;
				CLANG_WARN_CONSTANT_CONVERSION = YES;
				CLANG_WARN_DEPRECATED_OBJC_IMPLEMENTATIONS = YES;
				CLANG_WARN_DIRECT_OBJC_ISA_USAGE = YES_ERROR;
				CLANG_WARN_DOCUMENTATION_COMMENTS = YES;
				CLANG_WARN_EMPTY_BODY = YES;
				CLANG_WARN_ENUM_CONVERSION = YES;
				CLANG_WARN_INFINITE_RECURSION = YES;
				CLANG_WARN_INT_CONVERSION = YES;
				CLANG_WARN_NON_LITERAL_NULL_CONVERSION = YES;
				CLANG_WARN_OBJC_IMPLICIT_RETAIN_SELF = YES;
				CLANG_WARN_OBJC_LITERAL_CONVERSION = YES;
				CLANG_WARN_OBJC_ROOT_CLASS = YES_ERROR;
				CLANG_WARN_RANGE_LOOP_ANALYSIS = YES;
				CLANG_WARN_STRICT_PROTOTYPES = YES;
				CLANG_WARN_SUSPICIOUS_MOVE = YES;
				CLANG_WARN_UNGUARDED_AVAILABILITY = YES_AGGRESSIVE;
				CLANG_WARN_UNREACHABLE_CODE = YES;
				CLANG_WARN__DUPLICATE_METHOD_MATCH = YES;
				COPY_PHASE_STRIP = NO;
				DEBUG_INFORMATION_FORMAT = "dwarf-with-dsym";
				ENABLE_NS_ASSERTIONS = NO;
				ENABLE_STRICT_OBJC_MSGSEND = YES;
				GCC_C_LANGUAGE_STANDARD = gnu11;
				GCC_NO_COMMON_BLOCKS = YES;
				GCC_WARN_64_TO_32_BIT_CONVERSION = YES;
				GCC_WARN_ABOUT_RETURN_TYPE = YES_ERROR;
				GCC_WARN_UNDECLARED_SELECTOR = YES;
				GCC_WARN_UNINITIALIZED_AUTOS = YES_AGGRESSIVE;
				GCC_WARN_UNUSED_FUNCTION = YES;
				GCC_WARN_UNUSED_VARIABLE = YES;
				IPHONEOS_DEPLOYMENT_TARGET = 13.1;
				MTL_ENABLE_DEBUG_INFO = NO;
				MTL_FAST_MATH = YES;
				SDKROOT = iphoneos;
				SWIFT_COMPILATION_MODE = wholemodule;
				SWIFT_OPTIMIZATION_LEVEL = "-O";
				VALIDATE_PRODUCT = YES;
			};
			name = Release;
		};
		DB082A70235A729400AB1BA8 /* Debug */ = {
			isa = XCBuildConfiguration;
			buildSettings = {
				ASSETCATALOG_COMPILER_APPICON_NAME = AppIcon;
				CODE_SIGN_STYLE = Automatic;
				DEVELOPMENT_ASSET_PATHS = "\"HWSBetterRest/Preview Content\"";
				DEVELOPMENT_TEAM = 87T822GUV8;
				ENABLE_PREVIEWS = YES;
				INFOPLIST_FILE = HWSBetterRest/Info.plist;
				LD_RUNPATH_SEARCH_PATHS = (
					"$(inherited)",
					"@executable_path/Frameworks",
				);
				PRODUCT_BUNDLE_IDENTIFIER = com.SteveRobertson.HWSBetterRest;
				PRODUCT_NAME = "$(TARGET_NAME)";
				SWIFT_VERSION = 5.0;
				TARGETED_DEVICE_FAMILY = "1,2";
			};
			name = Debug;
		};
		DB082A71235A729400AB1BA8 /* Release */ = {
			isa = XCBuildConfiguration;
			buildSettings = {
				ASSETCATALOG_COMPILER_APPICON_NAME = AppIcon;
				CODE_SIGN_STYLE = Automatic;
				DEVELOPMENT_ASSET_PATHS = "\"HWSBetterRest/Preview Content\"";
				DEVELOPMENT_TEAM = 87T822GUV8;
				ENABLE_PREVIEWS = YES;
				INFOPLIST_FILE = HWSBetterRest/Info.plist;
				LD_RUNPATH_SEARCH_PATHS = (
					"$(inherited)",
					"@executable_path/Frameworks",
				);
				PRODUCT_BUNDLE_IDENTIFIER = com.SteveRobertson.HWSBetterRest;
				PRODUCT_NAME = "$(TARGET_NAME)";
				SWIFT_VERSION = 5.0;
				TARGETED_DEVICE_FAMILY = "1,2";
			};
			name = Release;
		};
/* End XCBuildConfiguration section */

/* Begin XCConfigurationList section */
		DB082A56235A728E00AB1BA8 /* Build configuration list for PBXProject "HWSBetterRest" */ = {
			isa = XCConfigurationList;
			buildConfigurations = (
				DB082A6D235A729400AB1BA8 /* Debug */,
				DB082A6E235A729400AB1BA8 /* Release */,
			);
			defaultConfigurationIsVisible = 0;
			defaultConfigurationName = Release;
		};
		DB082A6F235A729400AB1BA8 /* Build configuration list for PBXNativeTarget "HWSBetterRest" */ = {
			isa = XCConfigurationList;
			buildConfigurations = (
				DB082A70235A729400AB1BA8 /* Debug */,
				DB082A71235A729400AB1BA8 /* Release */,
			);
			defaultConfigurationIsVisible = 0;
			defaultConfigurationName = Release;
		};
/* End XCConfigurationList section */
	};
	rootObject = DB082A53235A728E00AB1BA8 /* Project object */;
}
